
Microsoft Visual Studio Solution File, Format Version 12.00
# Visual Studio 15
VisualStudioVersion = 15.0.26730.16
MinimumVisualStudioVersion = 10.0.40219.1
Project("{FAE04EC0-301F-11D3-BF4B-00C04F79EFBC}") = "CryptSharp", "CryptSharp\CryptSharp.csproj", "{BA3133D2-D6F4-4659-BCFE-7681400A4B32}"
EndProject
Project("{FAE04EC0-301F-11D3-BF4B-00C04F79EFBC}") = "Tests", "Tests\Tests.csproj", "{6928D7F6-08A1-49FF-9309-7FB948DFFEC7}"
EndProject
Global
	GlobalSection(SolutionConfigurationPlatforms) = preSolution
		Debug|Any CPU = Debug|Any CPU
		Release|Any CPU = Release|Any CPU
	EndGlobalSection
	GlobalSection(ProjectConfigurationPlatforms) = postSolution
		{BA3133D2-D6F4-4659-BCFE-7681400A4B32}.Debug|Any CPU.ActiveCfg = Debug|Any CPU
		{BA3133D2-D6F4-4659-BCFE-7681400A4B32}.Debug|Any CPU.Build.0 = Debug|Any CPU
		{BA3133D2-D6F4-4659-BCFE-7681400A4B32}.Release|Any CPU.ActiveCfg = Release|Any CPU
		{BA3133D2-D6F4-4659-BCFE-7681400A4B32}.Release|Any CPU.Build.0 = Release|Any CPU
		{6928D7F6-08A1-49FF-9309-7FB948DFFEC7}.Debug|Any CPU.ActiveCfg = Debug|Any CPU
		{6928D7F6-08A1-49FF-9309-7FB948DFFEC7}.Debug|Any CPU.Build.0 = Debug|Any CPU
		{6928D7F6-08A1-49FF-9309-7FB948DFFEC7}.Release|Any CPU.ActiveCfg = Release|Any CPU
		{6928D7F6-08A1-49FF-9309-7FB948DFFEC7}.Release|Any CPU.Build.0 = Release|Any CPU
	EndGlobalSection
	GlobalSection(SolutionProperties) = preSolution
		HideSolutionNode = FALSE
	EndGlobalSection
	GlobalSection(ExtensibilityGlobals) = postSolution
		SolutionGuid = {16E191B9-5373-4C25-9391-3B7669CF8CA1}
	EndGlobalSection
EndGlobal
